
Microsoft Visual Studio Solution File, Format Version 12.00
# Visual Studio 15
VisualStudioVersion = 15.0.28307.329
MinimumVisualStudioVersion = 10.0.40219.1
Project("{2150E333-8FDC-42A3-9474-1A3956D46DE8}") = "Helpers", "Helpers", "{1135E605-6D7E-4180-B7F9-8E0624FD60B5}"
EndProject
Project("{2150E333-8FDC-42A3-9474-1A3956D46DE8}") = "Models", "Models", "{4F126EF5-E648-46C2-AE11-AF3FDB1EF899}"
EndProject
Project("{2150E333-8FDC-42A3-9474-1A3956D46DE8}") = "WebApi", "WebApi", "{1791D571-6AFA-4EF5-96DD-D355EAF555F6}"
EndProject
Project("{2150E333-8FDC-42A3-9474-1A3956D46DE8}") = "WebUi", "WebUi", "{DF5985EA-C427-4E2C-9D35-5FE757EB5CD3}"
EndProject
Project("{9A19103F-16F7-4668-BE54-9A1E7A4F7556}") = "Common", "Common\Common.csproj", "{FC62B21D-A42A-4E50-AACC-D84A25CF06A0}"
EndProject
Project("{2150E333-8FDC-42A3-9474-1A3956D46DE8}") = "Repository", "Repository", "{D1F68C2F-1B69-475A-96C9-60E88272ED85}"
EndProject
Project("{9A19103F-16F7-4668-BE54-9A1E7A4F7556}") = "WebSite", "WebSite\WebSite.csproj", "{F5CDC3B0-9F53-492A-813A-14D21DBA80AB}"
EndProject
Project("{9A19103F-16F7-4668-BE54-9A1E7A4F7556}") = "JWT", "JWT\JWT.csproj", "{BD1542D2-977A-4F4A-A413-20AB74626AA3}"
EndProject
Project("{9A19103F-16F7-4668-BE54-9A1E7A4F7556}") = "WepApi.JWT", "WepApi.JWT\WepApi.JWT.csproj", "{70493B85-C1B6-458D-AA3D-313370C4F035}"
EndProject
Project("{9A19103F-16F7-4668-BE54-9A1E7A4F7556}") = "Helper.JWT", "Helper.JWT\Helper.JWT.csproj", "{99694D42-A4AD-40A5-9413-79FEA5BED410}"
EndProject
Project("{2150E333-8FDC-42A3-9474-1A3956D46DE8}") = "Enums", "Enums", "{87E09A41-563E-48BF-B4B1-A69D81EBF4E8}"
EndProject
Project("{FAE04EC0-301F-11D3-BF4B-00C04F79EFBC}") = "JWT.Enums", "JWT.Enums\JWT.Enums.csproj", "{E24EC063-D018-4542-98DD-5908DEFA6AE5}"
EndProject
Global
	GlobalSection(SolutionConfigurationPlatforms) = preSolution
		Debug|Any CPU = Debug|Any CPU
		Release|Any CPU = Release|Any CPU
	EndGlobalSection
	GlobalSection(ProjectConfigurationPlatforms) = postSolution
		{FC62B21D-A42A-4E50-AACC-D84A25CF06A0}.Debug|Any CPU.ActiveCfg = Debug|Any CPU
		{FC62B21D-A42A-4E50-AACC-D84A25CF06A0}.Debug|Any CPU.Build.0 = Debug|Any CPU
		{FC62B21D-A42A-4E50-AACC-D84A25CF06A0}.Release|Any CPU.ActiveCfg = Release|Any CPU
		{FC62B21D-A42A-4E50-AACC-D84A25CF06A0}.Release|Any CPU.Build.0 = Release|Any CPU
		{F5CDC3B0-9F53-492A-813A-14D21DBA80AB}.Debug|Any CPU.ActiveCfg = Debug|Any CPU
		{F5CDC3B0-9F53-492A-813A-14D21DBA80AB}.Debug|Any CPU.Build.0 = Debug|Any CPU
		{F5CDC3B0-9F53-492A-813A-14D21DBA80AB}.Release|Any CPU.ActiveCfg = Release|Any CPU
		{F5CDC3B0-9F53-492A-813A-14D21DBA80AB}.Release|Any CPU.Build.0 = Release|Any CPU
		{BD1542D2-977A-4F4A-A413-20AB74626AA3}.Debug|Any CPU.ActiveCfg = Debug|Any CPU
		{BD1542D2-977A-4F4A-A413-20AB74626AA3}.Debug|Any CPU.Build.0 = Debug|Any CPU
		{BD1542D2-977A-4F4A-A413-20AB74626AA3}.Release|Any CPU.ActiveCfg = Release|Any CPU
		{BD1542D2-977A-4F4A-A413-20AB74626AA3}.Release|Any CPU.Build.0 = Release|Any CPU
		{70493B85-C1B6-458D-AA3D-313370C4F035}.Debug|Any CPU.ActiveCfg = Debug|Any CPU
		{70493B85-C1B6-458D-AA3D-313370C4F035}.Debug|Any CPU.Build.0 = Debug|Any CPU
		{70493B85-C1B6-458D-AA3D-313370C4F035}.Release|Any CPU.ActiveCfg = Release|Any CPU
		{70493B85-C1B6-458D-AA3D-313370C4F035}.Release|Any CPU.Build.0 = Release|Any CPU
		{99694D42-A4AD-40A5-9413-79FEA5BED410}.Debug|Any CPU.ActiveCfg = Debug|Any CPU
		{99694D42-A4AD-40A5-9413-79FEA5BED410}.Debug|Any CPU.Build.0 = Debug|Any CPU
		{99694D42-A4AD-40A5-9413-79FEA5BED410}.Release|Any CPU.ActiveCfg = Release|Any CPU
		{99694D42-A4AD-40A5-9413-79FEA5BED410}.Release|Any CPU.Build.0 = Release|Any CPU
		{E24EC063-D018-4542-98DD-5908DEFA6AE5}.Debug|Any CPU.ActiveCfg = Debug|Any CPU
		{E24EC063-D018-4542-98DD-5908DEFA6AE5}.Debug|Any CPU.Build.0 = Debug|Any CPU
		{E24EC063-D018-4542-98DD-5908DEFA6AE5}.Release|Any CPU.ActiveCfg = Release|Any CPU
		{E24EC063-D018-4542-98DD-5908DEFA6AE5}.Release|Any CPU.Build.0 = Release|Any CPU
	EndGlobalSection
	GlobalSection(SolutionProperties) = preSolution
		HideSolutionNode = FALSE
	EndGlobalSection
	GlobalSection(NestedProjects) = preSolution
		{FC62B21D-A42A-4E50-AACC-D84A25CF06A0} = {4F126EF5-E648-46C2-AE11-AF3FDB1EF899}
		{F5CDC3B0-9F53-492A-813A-14D21DBA80AB} = {D1F68C2F-1B69-475A-96C9-60E88272ED85}
		{BD1542D2-977A-4F4A-A413-20AB74626AA3} = {DF5985EA-C427-4E2C-9D35-5FE757EB5CD3}
		{70493B85-C1B6-458D-AA3D-313370C4F035} = {1791D571-6AFA-4EF5-96DD-D355EAF555F6}
		{99694D42-A4AD-40A5-9413-79FEA5BED410} = {1135E605-6D7E-4180-B7F9-8E0624FD60B5}
		{E24EC063-D018-4542-98DD-5908DEFA6AE5} = {87E09A41-563E-48BF-B4B1-A69D81EBF4E8}
	EndGlobalSection
	GlobalSection(ExtensibilityGlobals) = postSolution
		SolutionGuid = {23342B17-790C-4376-9D09-F08385B1359F}
	EndGlobalSection
EndGlobal
